
Microsoft Visual Studio Solution File, Format Version 12.00
# Visual Studio Version 16
VisualStudioVersion = 16.0.32106.194
MinimumVisualStudioVersion = 10.0.40219.1
Project("{9A19103F-16F7-4668-BE54-9A1E7A4F7556}") = "LeitorNF", "LeitorNF\LeitorNF.csproj", "{CA42B9A9-A944-422A-9E7C-BED76413DFFA}"
EndProject
Project("{54435603-DBB4-11D2-8724-00A0C9A8B90C}") = "Instalador", "Instalador\Instalador\Instalador.vdproj", "{17724AC3-9530-44F3-BCB4-10754B9CF36C}"
EndProject
Global
	GlobalSection(SolutionConfigurationPlatforms) = preSolution
		Debug|Any CPU = Debug|Any CPU
		Release|Any CPU = Release|Any CPU
	EndGlobalSection
	GlobalSection(ProjectConfigurationPlatforms) = postSolution
		{CA42B9A9-A944-422A-9E7C-BED76413DFFA}.Debug|Any CPU.ActiveCfg = Debug|Any CPU
		{CA42B9A9-A944-422A-9E7C-BED76413DFFA}.Debug|Any CPU.Build.0 = Debug|Any CPU
		{CA42B9A9-A944-422A-9E7C-BED76413DFFA}.Release|Any CPU.ActiveCfg = Release|Any CPU
		{CA42B9A9-A944-422A-9E7C-BED76413DFFA}.Release|Any CPU.Build.0 = Release|Any CPU
		{17724AC3-9530-44F3-BCB4-10754B9CF36C}.Debug|Any CPU.ActiveCfg = Debug
		{17724AC3-9530-44F3-BCB4-10754B9CF36C}.Release|Any CPU.ActiveCfg = Release
	EndGlobalSection
	GlobalSection(SolutionProperties) = preSolution
		HideSolutionNode = FALSE
	EndGlobalSection
	GlobalSection(ExtensibilityGlobals) = postSolution
		SolutionGuid = {7C2CF347-C5CE-4568-9BCB-CC47716032E6}
	EndGlobalSection
EndGlobal
